
Microsoft Visual Studio Solution File, Format Version 12.00
Project("{FAE04EC0-301F-11D3-BF4B-00C04F79EFBC}") = "MovieTracker", "MovieTracker\MovieTracker.csproj", "{A476825C-B3D5-4CC5-AFA2-263EA63450B8}"
EndProject
Global
	GlobalSection(SolutionConfigurationPlatforms) = preSolution
		Debug|Any CPU = Debug|Any CPU
		Release|Any CPU = Release|Any CPU
	EndGlobalSection
	GlobalSection(ProjectConfigurationPlatforms) = postSolution
		{A476825C-B3D5-4CC5-AFA2-263EA63450B8}.Debug|Any CPU.ActiveCfg = Debug|Any CPU
		{A476825C-B3D5-4CC5-AFA2-263EA63450B8}.Debug|Any CPU.Build.0 = Debug|Any CPU
		{A476825C-B3D5-4CC5-AFA2-263EA63450B8}.Release|Any CPU.ActiveCfg = Release|Any CPU
		{A476825C-B3D5-4CC5-AFA2-263EA63450B8}.Release|Any CPU.Build.0 = Release|Any CPU
	EndGlobalSection
EndGlobal
